// !$*UTF8*$!
{
	archiveVersion = 1;
	classes = {
	};
	objectVersion = 50;
	objects = {

/* Begin PBXBuildFile section */
		CEE9DAC625C9CD0A005569B2 /* AppDelegate.swift in Sources */ = {isa = PBXBuildFile; fileRef = CEE9DAC525C9CD0A005569B2 /* AppDelegate.swift */; };
		CEE9DAC825C9CD0A005569B2 /* SceneDelegate.swift in Sources */ = {isa = PBXBuildFile; fileRef = CEE9DAC725C9CD0A005569B2 /* SceneDelegate.swift */; };
		CEE9DACD25C9CD0A005569B2 /* Main.storyboard in Resources */ = {isa = PBXBuildFile; fileRef = CEE9DACB25C9CD0A005569B2 /* Main.storyboard */; };
		CEE9DACF25C9CD0B005569B2 /* Assets.xcassets in Resources */ = {isa = PBXBuildFile; fileRef = CEE9DACE25C9CD0B005569B2 /* Assets.xcassets */; };
		CEE9DAD225C9CD0B005569B2 /* LaunchScreen.storyboard in Resources */ = {isa = PBXBuildFile; fileRef = CEE9DAD025C9CD0B005569B2 /* LaunchScreen.storyboard */; };
		E33E8F682AAC6E2900A78667 /* WeatherViewController.swift in Sources */ = {isa = PBXBuildFile; fileRef = E33E8F672AAC6E2900A78667 /* WeatherViewController.swift */; };
		E33E8F6B2AAC6F1400A78667 /* Readme.md in Resources */ = {isa = PBXBuildFile; fileRef = E33E8F6A2AAC6F1400A78667 /* Readme.md */; };
		E33E8F6E2AAC720C00A78667 /* dark_background.pdf in Resources */ = {isa = PBXBuildFile; fileRef = E33E8F6C2AAC720C00A78667 /* dark_background.pdf */; };
		E33E8F6F2AAC720C00A78667 /* light_background.pdf in Resources */ = {isa = PBXBuildFile; fileRef = E33E8F6D2AAC720C00A78667 /* light_background.pdf */; };
		E33E8F712AACA73F00A78667 /* WeatherManager.swift in Sources */ = {isa = PBXBuildFile; fileRef = E33E8F702AACA73F00A78667 /* WeatherManager.swift */; };
		E33E8F742AACA9D500A78667 /* ConstantsEnum.swift in Sources */ = {isa = PBXBuildFile; fileRef = E33E8F732AACA9D500A78667 /* ConstantsEnum.swift */; };
		E33E8F762AACAA4200A78667 /* NetworkUtilsEnum.swift in Sources */ = {isa = PBXBuildFile; fileRef = E33E8F752AACAA4200A78667 /* NetworkUtilsEnum.swift */; };
		E33E8F792AACABED00A78667 /* OpenWeatherApiClient.swift in Sources */ = {isa = PBXBuildFile; fileRef = E33E8F782AACABED00A78667 /* OpenWeatherApiClient.swift */; };
		E33E8F7C2AACADD400A78667 /* NetworkUtils.swift in Sources */ = {isa = PBXBuildFile; fileRef = E33E8F7B2AACADD400A78667 /* NetworkUtils.swift */; };
		E33E8F7F2AACD6FC00A78667 /* ResponseModels.swift in Sources */ = {isa = PBXBuildFile; fileRef = E33E8F7E2AACD6FC00A78667 /* ResponseModels.swift */; };
		E33E8F812AAD952C00A78667 /* OpenWeatherJsonUtils.swift in Sources */ = {isa = PBXBuildFile; fileRef = E33E8F802AAD952C00A78667 /* OpenWeatherJsonUtils.swift */; };
		E33E8F832AAD981100A78667 /* WeatherUtils.swift in Sources */ = {isa = PBXBuildFile; fileRef = E33E8F822AAD981100A78667 /* WeatherUtils.swift */; };
		E33E8F882AAD9CAE00A78667 /* Localizable.strings in Resources */ = {isa = PBXBuildFile; fileRef = E33E8F8A2AAD9CAE00A78667 /* Localizable.strings */; };
		E33E8F8E2AADC51600A78667 /* AppUtils.swift in Sources */ = {isa = PBXBuildFile; fileRef = E33E8F8D2AADC51600A78667 /* AppUtils.swift */; };
		E33E8F912AAE2B4D00A78667 /* WeatherForecastListCell.swift in Sources */ = {isa = PBXBuildFile; fileRef = E33E8F902AAE2B4D00A78667 /* WeatherForecastListCell.swift */; };
		E33E8F932AAF03F400A78667 /* DetailsViewController.swift in Sources */ = {isa = PBXBuildFile; fileRef = E33E8F922AAF03F400A78667 /* DetailsViewController.swift */; };
/* End PBXBuildFile section */

/* Begin PBXFileReference section */
		CEE9DAC225C9CD0A005569B2 /* Check-Weather.app */ = {isa = PBXFileReference; explicitFileType = wrapper.application; includeInIndex = 0; path = "Check-Weather.app"; sourceTree = BUILT_PRODUCTS_DIR; };
		CEE9DAC525C9CD0A005569B2 /* AppDelegate.swift */ = {isa = PBXFileReference; lastKnownFileType = sourcecode.swift; path = AppDelegate.swift; sourceTree = "<group>"; };
		CEE9DAC725C9CD0A005569B2 /* SceneDelegate.swift */ = {isa = PBXFileReference; lastKnownFileType = sourcecode.swift; path = SceneDelegate.swift; sourceTree = "<group>"; };
		CEE9DACC25C9CD0A005569B2 /* Base */ = {isa = PBXFileReference; lastKnownFileType = file.storyboard; name = Base; path = Base.lproj/Main.storyboard; sourceTree = "<group>"; };
		CEE9DACE25C9CD0B005569B2 /* Assets.xcassets */ = {isa = PBXFileReference; lastKnownFileType = folder.assetcatalog; path = Assets.xcassets; sourceTree = "<group>"; };
		CEE9DAD125C9CD0B005569B2 /* Base */ = {isa = PBXFileReference; lastKnownFileType = file.storyboard; name = Base; path = Base.lproj/LaunchScreen.storyboard; sourceTree = "<group>"; };
		CEE9DAD325C9CD0B005569B2 /* Info.plist */ = {isa = PBXFileReference; lastKnownFileType = text.plist.xml; path = Info.plist; sourceTree = "<group>"; };
		E33E8F672AAC6E2900A78667 /* WeatherViewController.swift */ = {isa = PBXFileReference; fileEncoding = 4; lastKnownFileType = sourcecode.swift; path = WeatherViewController.swift; sourceTree = "<group>"; };
		E33E8F6A2AAC6F1400A78667 /* Readme.md */ = {isa = PBXFileReference; fileEncoding = 4; lastKnownFileType = net.daringfireball.markdown; path = Readme.md; sourceTree = "<group>"; };
		E33E8F6C2AAC720C00A78667 /* dark_background.pdf */ = {isa = PBXFileReference; lastKnownFileType = image.pdf; path = dark_background.pdf; sourceTree = "<group>"; };
		E33E8F6D2AAC720C00A78667 /* light_background.pdf */ = {isa = PBXFileReference; lastKnownFileType = image.pdf; path = light_background.pdf; sourceTree = "<group>"; };
		E33E8F702AACA73F00A78667 /* WeatherManager.swift */ = {isa = PBXFileReference; lastKnownFileType = sourcecode.swift; path = WeatherManager.swift; sourceTree = "<group>"; };
		E33E8F732AACA9D500A78667 /* ConstantsEnum.swift */ = {isa = PBXFileReference; lastKnownFileType = sourcecode.swift; path = ConstantsEnum.swift; sourceTree = "<group>"; };
		E33E8F752AACAA4200A78667 /* NetworkUtilsEnum.swift */ = {isa = PBXFileReference; lastKnownFileType = sourcecode.swift; path = NetworkUtilsEnum.swift; sourceTree = "<group>"; };
		E33E8F782AACABED00A78667 /* OpenWeatherApiClient.swift */ = {isa = PBXFileReference; lastKnownFileType = sourcecode.swift; path = OpenWeatherApiClient.swift; sourceTree = "<group>"; };
		E33E8F7B2AACADD400A78667 /* NetworkUtils.swift */ = {isa = PBXFileReference; lastKnownFileType = sourcecode.swift; path = NetworkUtils.swift; sourceTree = "<group>"; };
		E33E8F7D2AACBE7500A78667 /* Config.xcconfig */ = {isa = PBXFileReference; lastKnownFileType = text.xcconfig; path = Config.xcconfig; sourceTree = "<group>"; };
		E33E8F7E2AACD6FC00A78667 /* ResponseModels.swift */ = {isa = PBXFileReference; lastKnownFileType = sourcecode.swift; path = ResponseModels.swift; sourceTree = "<group>"; };
		E33E8F802AAD952C00A78667 /* OpenWeatherJsonUtils.swift */ = {isa = PBXFileReference; lastKnownFileType = sourcecode.swift; path = OpenWeatherJsonUtils.swift; sourceTree = "<group>"; };
		E33E8F822AAD981100A78667 /* WeatherUtils.swift */ = {isa = PBXFileReference; lastKnownFileType = sourcecode.swift; path = WeatherUtils.swift; sourceTree = "<group>"; };
		E33E8F892AAD9CAE00A78667 /* en */ = {isa = PBXFileReference; lastKnownFileType = text.plist.strings; name = en; path = en.lproj/Localizable.strings; sourceTree = "<group>"; };
		E33E8F8B2AAD9D1600A78667 /* sw-KE */ = {isa = PBXFileReference; lastKnownFileType = text.plist.strings; name = "sw-KE"; path = "sw-KE.lproj/Localizable.strings"; sourceTree = "<group>"; };
		E33E8F8D2AADC51600A78667 /* AppUtils.swift */ = {isa = PBXFileReference; lastKnownFileType = sourcecode.swift; path = AppUtils.swift; sourceTree = "<group>"; };
		E33E8F902AAE2B4D00A78667 /* WeatherForecastListCell.swift */ = {isa = PBXFileReference; lastKnownFileType = sourcecode.swift; path = WeatherForecastListCell.swift; sourceTree = "<group>"; };
		E33E8F922AAF03F400A78667 /* DetailsViewController.swift */ = {isa = PBXFileReference; lastKnownFileType = sourcecode.swift; path = DetailsViewController.swift; sourceTree = "<group>"; };
/* End PBXFileReference section */

/* Begin PBXFrameworksBuildPhase section */
		CEE9DABF25C9CD0A005569B2 /* Frameworks */ = {
			isa = PBXFrameworksBuildPhase;
			buildActionMask = 2147483647;
			files = (
			);
			runOnlyForDeploymentPostprocessing = 0;
		};
/* End PBXFrameworksBuildPhase section */

/* Begin PBXGroup section */
		CEE9DAB925C9CD0A005569B2 = {
			isa = PBXGroup;
			children = (
				E33E8F6A2AAC6F1400A78667 /* Readme.md */,
				CEE9DAC425C9CD0A005569B2 /* Check-Weather */,
				CEE9DAC325C9CD0A005569B2 /* Products */,
			);
			sourceTree = "<group>";
		};
		CEE9DAC325C9CD0A005569B2 /* Products */ = {
			isa = PBXGroup;
			children = (
				CEE9DAC225C9CD0A005569B2 /* Check-Weather.app */,
			);
			name = Products;
			sourceTree = "<group>";
		};
		CEE9DAC425C9CD0A005569B2 /* Check-Weather */ = {
			isa = PBXGroup;
			children = (
				E33E8F8A2AAD9CAE00A78667 /* Localizable.strings */,
				E33E8F7D2AACBE7500A78667 /* Config.xcconfig */,
				E33E8F6C2AAC720C00A78667 /* dark_background.pdf */,
				E33E8F6D2AAC720C00A78667 /* light_background.pdf */,
				E33E8F722AACA9AB00A78667 /* Constants */,
				E33E8F692AAC6E3800A78667 /* Model */,
				CEE9DADD25C9CD5E005569B2 /* View */,
				CEE9DADB25C9CD4D005569B2 /* Controller */,
				E33E8F8C2AADC4F300A78667 /* Utils */,
				CEE9DAC525C9CD0A005569B2 /* AppDelegate.swift */,
				CEE9DAC725C9CD0A005569B2 /* SceneDelegate.swift */,
				CEE9DACE25C9CD0B005569B2 /* Assets.xcassets */,
				CEE9DAD025C9CD0B005569B2 /* LaunchScreen.storyboard */,
				CEE9DAD325C9CD0B005569B2 /* Info.plist */,
			);
			path = "Check-Weather";
			sourceTree = "<group>";
		};
		CEE9DADB25C9CD4D005569B2 /* Controller */ = {
			isa = PBXGroup;
			children = (
				E33E8F672AAC6E2900A78667 /* WeatherViewController.swift */,
				E33E8F922AAF03F400A78667 /* DetailsViewController.swift */,
			);
			path = Controller;
			sourceTree = "<group>";
		};
		CEE9DADD25C9CD5E005569B2 /* View */ = {
			isa = PBXGroup;
			children = (
				E33E8F8F2AAE2AFF00A78667 /* Cell */,
				CEE9DACB25C9CD0A005569B2 /* Main.storyboard */,
			);
			path = View;
			sourceTree = "<group>";
		};
		E33E8F692AAC6E3800A78667 /* Model */ = {
			isa = PBXGroup;
			children = (
				E33E8F772AACAB8000A78667 /* Network */,
				E33E8F702AACA73F00A78667 /* WeatherManager.swift */,
			);
			path = Model;
			sourceTree = "<group>";
		};
		E33E8F722AACA9AB00A78667 /* Constants */ = {
			isa = PBXGroup;
			children = (
				E33E8F732AACA9D500A78667 /* ConstantsEnum.swift */,
				E33E8F752AACAA4200A78667 /* NetworkUtilsEnum.swift */,
			);
			path = Constants;
			sourceTree = "<group>";
		};
		E33E8F772AACAB8000A78667 /* Network */ = {
			isa = PBXGroup;
			children = (
				E33E8F782AACABED00A78667 /* OpenWeatherApiClient.swift */,
				E33E8F7B2AACADD400A78667 /* NetworkUtils.swift */,
				E33E8F7E2AACD6FC00A78667 /* ResponseModels.swift */,
				E33E8F802AAD952C00A78667 /* OpenWeatherJsonUtils.swift */,
				E33E8F822AAD981100A78667 /* WeatherUtils.swift */,
			);
			path = Network;
			sourceTree = "<group>";
		};
		E33E8F8C2AADC4F300A78667 /* Utils */ = {
			isa = PBXGroup;
			children = (
				E33E8F8D2AADC51600A78667 /* AppUtils.swift */,
			);
			path = Utils;
			sourceTree = "<group>";
		};
		E33E8F8F2AAE2AFF00A78667 /* Cell */ = {
			isa = PBXGroup;
			children = (
				E33E8F902AAE2B4D00A78667 /* WeatherForecastListCell.swift */,
			);
			path = Cell;
			sourceTree = "<group>";
		};
/* End PBXGroup section */

/* Begin PBXNativeTarget section */
		CEE9DAC125C9CD0A005569B2 /* Check-Weather */ = {
			isa = PBXNativeTarget;
			buildConfigurationList = CEE9DAD625C9CD0B005569B2 /* Build configuration list for PBXNativeTarget "Check-Weather" */;
			buildPhases = (
				CEE9DABE25C9CD0A005569B2 /* Sources */,
				CEE9DABF25C9CD0A005569B2 /* Frameworks */,
				CEE9DAC025C9CD0A005569B2 /* Resources */,
			);
			buildRules = (
			);
			dependencies = (
			);
			name = "Check-Weather";
			productName = "Check-Weather";
			productReference = CEE9DAC225C9CD0A005569B2 /* Check-Weather.app */;
			productType = "com.apple.product-type.application";
		};
/* End PBXNativeTarget section */

/* Begin PBXProject section */
		CEE9DABA25C9CD0A005569B2 /* Project object */ = {
			isa = PBXProject;
			attributes = {
				LastSwiftUpdateCheck = 1240;
				LastUpgradeCheck = 1240;
				TargetAttributes = {
					CEE9DAC125C9CD0A005569B2 = {
						CreatedOnToolsVersion = 12.4;
					};
				};
			};
			buildConfigurationList = CEE9DABD25C9CD0A005569B2 /* Build configuration list for PBXProject "Check-Weather" */;
			compatibilityVersion = "Xcode 9.3";
			developmentRegion = en;
			hasScannedForEncodings = 0;
			knownRegions = (
				en,
				Base,
				"sw-KE",
			);
			mainGroup = CEE9DAB925C9CD0A005569B2;
			productRefGroup = CEE9DAC325C9CD0A005569B2 /* Products */;
			projectDirPath = "";
			projectRoot = "";
			targets = (
				CEE9DAC125C9CD0A005569B2 /* Check-Weather */,
			);
		};
/* End PBXProject section */

/* Begin PBXResourcesBuildPhase section */
		CEE9DAC025C9CD0A005569B2 /* Resources */ = {
			isa = PBXResourcesBuildPhase;
			buildActionMask = 2147483647;
			files = (
				E33E8F6E2AAC720C00A78667 /* dark_background.pdf in Resources */,
				CEE9DAD225C9CD0B005569B2 /* LaunchScreen.storyboard in Resources */,
				CEE9DACF25C9CD0B005569B2 /* Assets.xcassets in Resources */,
				E33E8F882AAD9CAE00A78667 /* Localizable.strings in Resources */,
				E33E8F6B2AAC6F1400A78667 /* Readme.md in Resources */,
				CEE9DACD25C9CD0A005569B2 /* Main.storyboard in Resources */,
				E33E8F6F2AAC720C00A78667 /* light_background.pdf in Resources */,
			);
			runOnlyForDeploymentPostprocessing = 0;
		};
/* End PBXResourcesBuildPhase section */

/* Begin PBXSourcesBuildPhase section */
		CEE9DABE25C9CD0A005569B2 /* Sources */ = {
			isa = PBXSourcesBuildPhase;
			buildActionMask = 2147483647;
			files = (
				E33E8F7C2AACADD400A78667 /* NetworkUtils.swift in Sources */,
				E33E8F742AACA9D500A78667 /* ConstantsEnum.swift in Sources */,
				E33E8F762AACAA4200A78667 /* NetworkUtilsEnum.swift in Sources */,
				E33E8F912AAE2B4D00A78667 /* WeatherForecastListCell.swift in Sources */,
				E33E8F8E2AADC51600A78667 /* AppUtils.swift in Sources */,
				CEE9DAC625C9CD0A005569B2 /* AppDelegate.swift in Sources */,
				E33E8F7F2AACD6FC00A78667 /* ResponseModels.swift in Sources */,
				E33E8F792AACABED00A78667 /* OpenWeatherApiClient.swift in Sources */,
				E33E8F682AAC6E2900A78667 /* WeatherViewController.swift in Sources */,
				E33E8F712AACA73F00A78667 /* WeatherManager.swift in Sources */,
				E33E8F812AAD952C00A78667 /* OpenWeatherJsonUtils.swift in Sources */,
				E33E8F932AAF03F400A78667 /* DetailsViewController.swift in Sources */,
				E33E8F832AAD981100A78667 /* WeatherUtils.swift in Sources */,
				CEE9DAC825C9CD0A005569B2 /* SceneDelegate.swift in Sources */,
			);
			runOnlyForDeploymentPostprocessing = 0;
		};
/* End PBXSourcesBuildPhase section */

/* Begin PBXVariantGroup section */
		CEE9DACB25C9CD0A005569B2 /* Main.storyboard */ = {
			isa = PBXVariantGroup;
			children = (
				CEE9DACC25C9CD0A005569B2 /* Base */,
			);
			name = Main.storyboard;
			sourceTree = "<group>";
		};
		CEE9DAD025C9CD0B005569B2 /* LaunchScreen.storyboard */ = {
			isa = PBXVariantGroup;
			children = (
				CEE9DAD125C9CD0B005569B2 /* Base */,
			);
			name = LaunchScreen.storyboard;
			sourceTree = "<group>";
		};
		E33E8F8A2AAD9CAE00A78667 /* Localizable.strings */ = {
			isa = PBXVariantGroup;
			children = (
				E33E8F892AAD9CAE00A78667 /* en */,
				E33E8F8B2AAD9D1600A78667 /* sw-KE */,
			);
			name = Localizable.strings;
			sourceTree = "<group>";
		};
/* End PBXVariantGroup section */

/* Begin XCBuildConfiguration section */
		CEE9DAD425C9CD0B005569B2 /* Debug */ = {
			isa = XCBuildConfiguration;
			baseConfigurationReference = E33E8F7D2AACBE7500A78667 /* Config.xcconfig */;
			buildSettings = {
				ALWAYS_SEARCH_USER_PATHS = NO;
				CLANG_ANALYZER_LOCALIZABILITY_NONLOCALIZED = YES;
				CLANG_ANALYZER_NONNULL = YES;
				CLANG_ANALYZER_NUMBER_OBJECT_CONVERSION = YES_AGGRESSIVE;
				CLANG_CXX_LANGUAGE_STANDARD = "gnu++14";
				CLANG_CXX_LIBRARY = "libc++";
				CLANG_ENABLE_MODULES = YES;
				CLANG_ENABLE_OBJC_ARC = YES;
				CLANG_ENABLE_OBJC_WEAK = YES;
				CLANG_WARN_BLOCK_CAPTURE_AUTORELEASING = YES;
				CLANG_WARN_BOOL_CONVERSION = YES;
				CLANG_WARN_COMMA = YES;
				CLANG_WARN_CONSTANT_CONVERSION = YES;
				CLANG_WARN_DEPRECATED_OBJC_IMPLEMENTATIONS = YES;
				CLANG_WARN_DIRECT_OBJC_ISA_USAGE = YES_ERROR;
				CLANG_WARN_DOCUMENTATION_COMMENTS = YES;
				CLANG_WARN_EMPTY_BODY = YES;
				CLANG_WARN_ENUM_CONVERSION = YES;
				CLANG_WARN_INFINITE_RECURSION = YES;
				CLANG_WARN_INT_CONVERSION = YES;
				CLANG_WARN_NON_LITERAL_NULL_CONVERSION = YES;
				CLANG_WARN_OBJC_IMPLICIT_RETAIN_SELF = YES;
				CLANG_WARN_OBJC_LITERAL_CONVERSION = YES;
				CLANG_WARN_OBJC_ROOT_CLASS = YES_ERROR;
				CLANG_WARN_QUOTED_INCLUDE_IN_FRAMEWORK_HEADER = YES;
				CLANG_WARN_RANGE_LOOP_ANALYSIS = YES;
				CLANG_WARN_STRICT_PROTOTYPES = YES;
				CLANG_WARN_SUSPICIOUS_MOVE = YES;
				CLANG_WARN_UNGUARDED_AVAILABILITY = YES_AGGRESSIVE;
				CLANG_WARN_UNREACHABLE_CODE = YES;
				CLANG_WARN__DUPLICATE_METHOD_MATCH = YES;
				COPY_PHASE_STRIP = NO;
				DEBUG_INFORMATION_FORMAT = dwarf;
				ENABLE_STRICT_OBJC_MSGSEND = YES;
				ENABLE_TESTABILITY = YES;
				GCC_C_LANGUAGE_STANDARD = gnu11;
				GCC_DYNAMIC_NO_PIC = NO;
				GCC_NO_COMMON_BLOCKS = YES;
				GCC_OPTIMIZATION_LEVEL = 0;
				GCC_PREPROCESSOR_DEFINITIONS = (
					"DEBUG=1",
					"$(inherited)",
				);
				GCC_WARN_64_TO_32_BIT_CONVERSION = YES;
				GCC_WARN_ABOUT_RETURN_TYPE = YES_ERROR;
				GCC_WARN_UNDECLARED_SELECTOR = YES;
				GCC_WARN_UNINITIALIZED_AUTOS = YES_AGGRESSIVE;
				GCC_WARN_UNUSED_FUNCTION = YES;
				GCC_WARN_UNUSED_VARIABLE = YES;
				IPHONEOS_DEPLOYMENT_TARGET = 13.2;
				MTL_ENABLE_DEBUG_INFO = INCLUDE_SOURCE;
				MTL_FAST_MATH = YES;
				ONLY_ACTIVE_ARCH = YES;
				SDKROOT = iphoneos;
				SWIFT_ACTIVE_COMPILATION_CONDITIONS = DEBUG;
				SWIFT_OPTIMIZATION_LEVEL = "-Onone";
			};
			name = Debug;
		};
		CEE9DAD525C9CD0B005569B2 /* Release */ = {
			isa = XCBuildConfiguration;
			baseConfigurationReference = E33E8F7D2AACBE7500A78667 /* Config.xcconfig */;
			buildSettings = {
				ALWAYS_SEARCH_USER_PATHS = NO;
				CLANG_ANALYZER_LOCALIZABILITY_NONLOCALIZED = YES;
				CLANG_ANALYZER_NONNULL = YES;
				CLANG_ANALYZER_NUMBER_OBJECT_CONVERSION = YES_AGGRESSIVE;
				CLANG_CXX_LANGUAGE_STANDARD = "gnu++14";
				CLANG_CXX_LIBRARY = "libc++";
				CLANG_ENABLE_MODULES = YES;
				CLANG_ENABLE_OBJC_ARC = YES;
				CLANG_ENABLE_OBJC_WEAK = YES;
				CLANG_WARN_BLOCK_CAPTURE_AUTORELEASING = YES;
				CLANG_WARN_BOOL_CONVERSION = YES;
				CLANG_WARN_COMMA = YES;
				CLANG_WARN_CONSTANT_CONVERSION = YES;
				CLANG_WARN_DEPRECATED_OBJC_IMPLEMENTATIONS = YES;
				CLANG_WARN_DIRECT_OBJC_ISA_USAGE = YES_ERROR;
				CLANG_WARN_DOCUMENTATION_COMMENTS = YES;
				CLANG_WARN_EMPTY_BODY = YES;
				CLANG_WARN_ENUM_CONVERSION = YES;
				CLANG_WARN_INFINITE_RECURSION = YES;
				CLANG_WARN_INT_CONVERSION = YES;
				CLANG_WARN_NON_LITERAL_NULL_CONVERSION = YES;
				CLANG_WARN_OBJC_IMPLICIT_RETAIN_SELF = YES;
				CLANG_WARN_OBJC_LITERAL_CONVERSION = YES;
				CLANG_WARN_OBJC_ROOT_CLASS = YES_ERROR;
				CLANG_WARN_QUOTED_INCLUDE_IN_FRAMEWORK_HEADER = YES;
				CLANG_WARN_RANGE_LOOP_ANALYSIS = YES;
				CLANG_WARN_STRICT_PROTOTYPES = YES;
				CLANG_WARN_SUSPICIOUS_MOVE = YES;
				CLANG_WARN_UNGUARDED_AVAILABILITY = YES_AGGRESSIVE;
				CLANG_WARN_UNREACHABLE_CODE = YES;
				CLANG_WARN__DUPLICATE_METHOD_MATCH = YES;
				COPY_PHASE_STRIP = NO;
				DEBUG_INFORMATION_FORMAT = "dwarf-with-dsym";
				ENABLE_NS_ASSERTIONS = NO;
				ENABLE_STRICT_OBJC_MSGSEND = YES;
				GCC_C_LANGUAGE_STANDARD = gnu11;
				GCC_NO_COMMON_BLOCKS = YES;
				GCC_WARN_64_TO_32_BIT_CONVERSION = YES;
				GCC_WARN_ABOUT_RETURN_TYPE = YES_ERROR;
				GCC_WARN_UNDECLARED_SELECTOR = YES;
				GCC_WARN_UNINITIALIZED_AUTOS = YES_AGGRESSIVE;
				GCC_WARN_UNUSED_FUNCTION = YES;
				GCC_WARN_UNUSED_VARIABLE = YES;
				IPHONEOS_DEPLOYMENT_TARGET = 13.2;
				MTL_ENABLE_DEBUG_INFO = NO;
				MTL_FAST_MATH = YES;
				SDKROOT = iphoneos;
				SWIFT_COMPILATION_MODE = wholemodule;
				SWIFT_OPTIMIZATION_LEVEL = "-O";
				VALIDATE_PRODUCT = YES;
			};
			name = Release;
		};
		CEE9DAD725C9CD0B005569B2 /* Debug */ = {
			isa = XCBuildConfiguration;
			buildSettings = {
				ASSETCATALOG_COMPILER_APPICON_NAME = AppIcon;
				ASSETCATALOG_COMPILER_GLOBAL_ACCENT_COLOR_NAME = AccentColor;
				CODE_SIGN_STYLE = Automatic;
				DEVELOPMENT_TEAM = 5PWFYS8K96;
				INFOPLIST_FILE = "Check-Weather/Info.plist";
				IPHONEOS_DEPLOYMENT_TARGET = 13.0;
				LD_RUNPATH_SEARCH_PATHS = (
					"$(inherited)",
					"@executable_path/Frameworks",
				);
				PRODUCT_BUNDLE_IDENTIFIER = "com.awesomejim.Check-Weather";
				PRODUCT_NAME = "$(TARGET_NAME)";
				SWIFT_VERSION = 5.0;
				TARGETED_DEVICE_FAMILY = "1,2";
			};
			name = Debug;
		};
		CEE9DAD825C9CD0B005569B2 /* Release */ = {
			isa = XCBuildConfiguration;
			buildSettings = {
				ASSETCATALOG_COMPILER_APPICON_NAME = AppIcon;
				ASSETCATALOG_COMPILER_GLOBAL_ACCENT_COLOR_NAME = AccentColor;
				CODE_SIGN_STYLE = Automatic;
				DEVELOPMENT_TEAM = 5PWFYS8K96;
				INFOPLIST_FILE = "Check-Weather/Info.plist";
				IPHONEOS_DEPLOYMENT_TARGET = 13.0;
				LD_RUNPATH_SEARCH_PATHS = (
					"$(inherited)",
					"@executable_path/Frameworks",
				);
				PRODUCT_BUNDLE_IDENTIFIER = "com.awesomejim.Check-Weather";
				PRODUCT_NAME = "$(TARGET_NAME)";
				SWIFT_VERSION = 5.0;
				TARGETED_DEVICE_FAMILY = "1,2";
			};
			name = Release;
		};
/* End XCBuildConfiguration section */

/* Begin XCConfigurationList section */
		CEE9DABD25C9CD0A005569B2 /* Build configuration list for PBXProject "Check-Weather" */ = {
			isa = XCConfigurationList;
			buildConfigurations = (
				CEE9DAD425C9CD0B005569B2 /* Debug */,
				CEE9DAD525C9CD0B005569B2 /* Release */,
			);
			defaultConfigurationIsVisible = 0;
			defaultConfigurationName = Release;
		};
		CEE9DAD625C9CD0B005569B2 /* Build configuration list for PBXNativeTarget "Check-Weather" */ = {
			isa = XCConfigurationList;
			buildConfigurations = (
				CEE9DAD725C9CD0B005569B2 /* Debug */,
				CEE9DAD825C9CD0B005569B2 /* Release */,
			);
			defaultConfigurationIsVisible = 0;
			defaultConfigurationName = Release;
		};
/* End XCConfigurationList section */
	};
	rootObject = CEE9DABA25C9CD0A005569B2 /* Project object */;
}
